
Microsoft Visual Studio Solution File, Format Version 12.00
# Visual Studio 14
VisualStudioVersion = 14.0.23107.0
MinimumVisualStudioVersion = 10.0.40219.1
Project("{FAE04EC0-301F-11D3-BF4B-00C04F79EFBC}") = "MusicStoreDAL", "MusicStoreDAL\MusicStoreDAL.csproj", "{E6968D13-24C6-42C1-AB6B-8C7574D51C80}"
EndProject
Project("{FAE04EC0-301F-11D3-BF4B-00C04F79EFBC}") = "MusicStoreUI", "MusicStoreUI\MusicStoreUI.csproj", "{2EDAE4BF-C6CC-4F29-9D1B-C93D7D07F505}"
EndProject
Global
	GlobalSection(SolutionConfigurationPlatforms) = preSolution
		Debug|Any CPU = Debug|Any CPU
		Release|Any CPU = Release|Any CPU
	EndGlobalSection
	GlobalSection(ProjectConfigurationPlatforms) = postSolution
		{E6968D13-24C6-42C1-AB6B-8C7574D51C80}.Debug|Any CPU.ActiveCfg = Debug|Any CPU
		{E6968D13-24C6-42C1-AB6B-8C7574D51C80}.Debug|Any CPU.Build.0 = Debug|Any CPU
		{E6968D13-24C6-42C1-AB6B-8C7574D51C80}.Release|Any CPU.ActiveCfg = Release|Any CPU
		{E6968D13-24C6-42C1-AB6B-8C7574D51C80}.Release|Any CPU.Build.0 = Release|Any CPU
		{2EDAE4BF-C6CC-4F29-9D1B-C93D7D07F505}.Debug|Any CPU.ActiveCfg = Debug|Any CPU
		{2EDAE4BF-C6CC-4F29-9D1B-C93D7D07F505}.Debug|Any CPU.Build.0 = Debug|Any CPU
		{2EDAE4BF-C6CC-4F29-9D1B-C93D7D07F505}.Release|Any CPU.ActiveCfg = Release|Any CPU
		{2EDAE4BF-C6CC-4F29-9D1B-C93D7D07F505}.Release|Any CPU.Build.0 = Release|Any CPU
	EndGlobalSection
	GlobalSection(SolutionProperties) = preSolution
		HideSolutionNode = FALSE
	EndGlobalSection
EndGlobal
